PODS:
  - AddressSearchModule (1.0.7):
    - Alamofire
    - Toast-Swift
  - Alamofire (4.8.2)
  - Toast-Swift (5.0.0)

DEPENDENCIES:
  - AddressSearchModule (from `https://github.com/TLCompany/AddressSearch-iOS.git`, tag `1.0.8`)
  - Alamofire
  - Toast-Swift

SPEC REPOS:
  https://github.com/cocoapods/specs.git:
    - Alamofire
    - Toast-Swift

EXTERNAL SOURCES:
  AddressSearchModule:
    :git: https://github.com/TLCompany/AddressSearch-iOS.git
    :tag: 1.0.8

CHECKOUT OPTIONS:
  AddressSearchModule:
    :git: https://github.com/TLCompany/AddressSearch-iOS.git
    :tag: 1.0.8

SPEC CHECKSUMS:
  AddressSearchModule: 2692c66dd7f84e5f7c229e7da1a25b56161d9774
  Alamofire: ae5c501addb7afdbb13687d7f2f722c78734c2d3
  Toast-Swift: 36f4720243c8582c2be243a60a51e193c761f541

PODFILE CHECKSUM: 764f5b8de7ac7c383c980b3c977e7e96d2d93bcf

COCOAPODS: 1.7.0.beta.3
