// !$*UTF8*$!
{
	archiveVersion = 1;
	classes = {
	};
	objectVersion = 50;
	objects = {

/* Begin PBXBuildFile section */
		50A3790E4C1A043198EBBBE1 /* Pods_AddressSearchModule.framework in Frameworks */ = {isa = PBXBuildFile; fileRef = B72847D9DE5F8BE794B716BC /* Pods_AddressSearchModule.framework */; };
		D238277D22811C830032D937 /* AddressSearchModule.h in Headers */ = {isa = PBXBuildFile; fileRef = D238277B22811C830032D937 /* AddressSearchModule.h */; settings = {ATTRIBUTES = (Public, ); }; };
		D238278C22811C930032D937 /* AddressListItemCell.swift in Sources */ = {isa = PBXBuildFile; fileRef = D238278422811C930032D937 /* AddressListItemCell.swift */; };
		D238278D22811C930032D937 /* AddressDetailViewController.swift in Sources */ = {isa = PBXBuildFile; fileRef = D238278622811C930032D937 /* AddressDetailViewController.swift */; };
		D238278E22811C930032D937 /* AddressListViewController.swift in Sources */ = {isa = PBXBuildFile; fileRef = D238278722811C930032D937 /* AddressListViewController.swift */; };
		D238278F22811C930032D937 /* Address.storyboard in Resources */ = {isa = PBXBuildFile; fileRef = D238278822811C930032D937 /* Address.storyboard */; };
		D238279022811C930032D937 /* Address.swift in Sources */ = {isa = PBXBuildFile; fileRef = D238278A22811C930032D937 /* Address.swift */; };
		D238279122811C930032D937 /* AddressSearchHelper.swift in Sources */ = {isa = PBXBuildFile; fileRef = D238278B22811C930032D937 /* AddressSearchHelper.swift */; };
		D238287622817EE30032D937 /* Assets.xcassets in Resources */ = {isa = PBXBuildFile; fileRef = D238287522817EE30032D937 /* Assets.xcassets */; };
/* End PBXBuildFile section */

/* Begin PBXFileReference section */
		A686AB214C4DEDBCD0B0C9DB /* Pods-AddressSearchModule.release.xcconfig */ = {isa = PBXFileReference; includeInIndex = 1; lastKnownFileType = text.xcconfig; name = "Pods-AddressSearchModule.release.xcconfig"; path = "Target Support Files/Pods-AddressSearchModule/Pods-AddressSearchModule.release.xcconfig"; sourceTree = "<group>"; };
		B72847D9DE5F8BE794B716BC /* Pods_AddressSearchModule.framework */ = {isa = PBXFileReference; explicitFileType = wrapper.framework; includeInIndex = 0; path = Pods_AddressSearchModule.framework; sourceTree = BUILT_PRODUCTS_DIR; };
		B8FEFE483E1242D9571A993F /* Pods-AddressSearchModule.debug.xcconfig */ = {isa = PBXFileReference; includeInIndex = 1; lastKnownFileType = text.xcconfig; name = "Pods-AddressSearchModule.debug.xcconfig"; path = "Target Support Files/Pods-AddressSearchModule/Pods-AddressSearchModule.debug.xcconfig"; sourceTree = "<group>"; };
		D238277822811C830032D937 /* AddressSearchModule.framework */ = {isa = PBXFileReference; explicitFileType = wrapper.framework; includeInIndex = 0; path = AddressSearchModule.framework; sourceTree = BUILT_PRODUCTS_DIR; };
		D238277B22811C830032D937 /* AddressSearchModule.h */ = {isa = PBXFileReference; lastKnownFileType = sourcecode.c.h; path = AddressSearchModule.h; sourceTree = "<group>"; };
		D238277C22811C830032D937 /* Info.plist */ = {isa = PBXFileReference; lastKnownFileType = text.plist.xml; path = Info.plist; sourceTree = "<group>"; };
		D238278422811C930032D937 /* AddressListItemCell.swift */ = {isa = PBXFileReference; fileEncoding = 4; lastKnownFileType = sourcecode.swift; path = AddressListItemCell.swift; sourceTree = "<group>"; };
		D238278622811C930032D937 /* AddressDetailViewController.swift */ = {isa = PBXFileReference; fileEncoding = 4; lastKnownFileType = sourcecode.swift; path = AddressDetailViewController.swift; sourceTree = "<group>"; };
		D238278722811C930032D937 /* AddressListViewController.swift */ = {isa = PBXFileReference; fileEncoding = 4; lastKnownFileType = sourcecode.swift; path = AddressListViewController.swift; sourceTree = "<group>"; };
		D238278822811C930032D937 /* Address.storyboard */ = {isa = PBXFileReference; fileEncoding = 4; lastKnownFileType = file.storyboard; path = Address.storyboard; sourceTree = "<group>"; };
		D238278A22811C930032D937 /* Address.swift */ = {isa = PBXFileReference; fileEncoding = 4; lastKnownFileType = sourcecode.swift; path = Address.swift; sourceTree = "<group>"; };
		D238278B22811C930032D937 /* AddressSearchHelper.swift */ = {isa = PBXFileReference; fileEncoding = 4; lastKnownFileType = sourcecode.swift; path = AddressSearchHelper.swift; sourceTree = "<group>"; };
		D238287522817EE30032D937 /* Assets.xcassets */ = {isa = PBXFileReference; lastKnownFileType = folder.assetcatalog; path = Assets.xcassets; sourceTree = "<group>"; };
/* End PBXFileReference section */

/* Begin PBXFrameworksBuildPhase section */
		D238277522811C830032D937 /* Frameworks */ = {
			isa = PBXFrameworksBuildPhase;
			buildActionMask = 2147483647;
			files = (
				50A3790E4C1A043198EBBBE1 /* Pods_AddressSearchModule.framework in Frameworks */,
			);
			runOnlyForDeploymentPostprocessing = 0;
		};
/* End PBXFrameworksBuildPhase section */

/* Begin PBXGroup section */
		A5908A35E1443D2CA9AFDCFF /* Pods */ = {
			isa = PBXGroup;
			children = (
				B8FEFE483E1242D9571A993F /* Pods-AddressSearchModule.debug.xcconfig */,
				A686AB214C4DEDBCD0B0C9DB /* Pods-AddressSearchModule.release.xcconfig */,
			);
			path = Pods;
			sourceTree = "<group>";
		};
		D238276E22811C830032D937 = {
			isa = PBXGroup;
			children = (
				D238277A22811C830032D937 /* AddressSearchModule */,
				D238277922811C830032D937 /* Products */,
				A5908A35E1443D2CA9AFDCFF /* Pods */,
				E61EF0C36249B9EA036DB2B4 /* Frameworks */,
			);
			sourceTree = "<group>";
		};
		D238277922811C830032D937 /* Products */ = {
			isa = PBXGroup;
			children = (
				D238277822811C830032D937 /* AddressSearchModule.framework */,
			);
			name = Products;
			sourceTree = "<group>";
		};
		D238277A22811C830032D937 /* AddressSearchModule */ = {
			isa = PBXGroup;
			children = (
				D238287522817EE30032D937 /* Assets.xcassets */,
				D238278B22811C930032D937 /* AddressSearchHelper.swift */,
				D238278622811C930032D937 /* AddressDetailViewController.swift */,
				D238278722811C930032D937 /* AddressListViewController.swift */,
				D238278822811C930032D937 /* Address.storyboard */,
				D238278A22811C930032D937 /* Address.swift */,
				D238278422811C930032D937 /* AddressListItemCell.swift */,
				D238277B22811C830032D937 /* AddressSearchModule.h */,
				D238277C22811C830032D937 /* Info.plist */,
			);
			path = AddressSearchModule;
			sourceTree = "<group>";
		};
		E61EF0C36249B9EA036DB2B4 /* Frameworks */ = {
			isa = PBXGroup;
			children = (
				B72847D9DE5F8BE794B716BC /* Pods_AddressSearchModule.framework */,
			);
			name = Frameworks;
			sourceTree = "<group>";
		};
/* End PBXGroup section */

/* Begin PBXHeadersBuildPhase section */
		D238277322811C830032D937 /* Headers */ = {
			isa = PBXHeadersBuildPhase;
			buildActionMask = 2147483647;
			files = (
				D238277D22811C830032D937 /* AddressSearchModule.h in Headers */,
			);
			runOnlyForDeploymentPostprocessing = 0;
		};
/* End PBXHeadersBuildPhase section */

/* Begin PBXNativeTarget section */
		D238277722811C830032D937 /* AddressSearchModule */ = {
			isa = PBXNativeTarget;
			buildConfigurationList = D238278022811C830032D937 /* Build configuration list for PBXNativeTarget "AddressSearchModule" */;
			buildPhases = (
				0B02C14E49EA57D3663CF1C3 /* [CP] Check Pods Manifest.lock */,
				D238277322811C830032D937 /* Headers */,
				D238277422811C830032D937 /* Sources */,
				D238277522811C830032D937 /* Frameworks */,
				D238277622811C830032D937 /* Resources */,
			);
			buildRules = (
			);
			dependencies = (
			);
			name = AddressSearchModule;
			productName = AddressSearchModule;
			productReference = D238277822811C830032D937 /* AddressSearchModule.framework */;
			productType = "com.apple.product-type.framework";
		};
/* End PBXNativeTarget section */

/* Begin PBXProject section */
		D238276F22811C830032D937 /* Project object */ = {
			isa = PBXProject;
			attributes = {
				LastUpgradeCheck = 1020;
				ORGANIZATIONNAME = tlsolution;
				TargetAttributes = {
					D238277722811C830032D937 = {
						CreatedOnToolsVersion = 10.2.1;
						LastSwiftMigration = 1020;
					};
				};
			};
			buildConfigurationList = D238277222811C830032D937 /* Build configuration list for PBXProject "AddressSearchModule" */;
			compatibilityVersion = "Xcode 9.3";
			developmentRegion = en;
			hasScannedForEncodings = 0;
			knownRegions = (
				en,
			);
			mainGroup = D238276E22811C830032D937;
			productRefGroup = D238277922811C830032D937 /* Products */;
			projectDirPath = "";
			projectRoot = "";
			targets = (
				D238277722811C830032D937 /* AddressSearchModule */,
			);
		};
/* End PBXProject section */

/* Begin PBXResourcesBuildPhase section */
		D238277622811C830032D937 /* Resources */ = {
			isa = PBXResourcesBuildPhase;
			buildActionMask = 2147483647;
			files = (
				D238287622817EE30032D937 /* Assets.xcassets in Resources */,
				D238278F22811C930032D937 /* Address.storyboard in Resources */,
			);
			runOnlyForDeploymentPostprocessing = 0;
		};
/* End PBXResourcesBuildPhase section */

/* Begin PBXShellScriptBuildPhase section */
		0B02C14E49EA57D3663CF1C3 /* [CP] Check Pods Manifest.lock */ = {
			isa = PBXShellScriptBuildPhase;
			buildActionMask = 2147483647;
			files = (
			);
			inputFileListPaths = (
			);
			inputPaths = (
				"${PODS_PODFILE_DIR_PATH}/Podfile.lock",
				"${PODS_ROOT}/Manifest.lock",
			);
			name = "[CP] Check Pods Manifest.lock";
			outputFileListPaths = (
			);
			outputPaths = (
				"$(DERIVED_FILE_DIR)/Pods-AddressSearchModule-checkManifestLockResult.txt",
			);
			runOnlyForDeploymentPostprocessing = 0;
			shellPath = /bin/sh;
			shellScript = "diff \"${PODS_PODFILE_DIR_PATH}/Podfile.lock\" \"${PODS_ROOT}/Manifest.lock\" > /dev/null\nif [ $? != 0 ] ; then\n    # print error to STDERR\n    echo \"error: The sandbox is not in sync with the Podfile.lock. Run 'pod install' or update your CocoaPods installation.\" >&2\n    exit 1\nfi\n# This output is used by Xcode 'outputs' to avoid re-running this script phase.\necho \"SUCCESS\" > \"${SCRIPT_OUTPUT_FILE_0}\"\n";
			showEnvVarsInLog = 0;
		};
/* End PBXShellScriptBuildPhase section */

/* Begin PBXSourcesBuildPhase section */
		D238277422811C830032D937 /* Sources */ = {
			isa = PBXSourcesBuildPhase;
			buildActionMask = 2147483647;
			files = (
				D238278E22811C930032D937 /* AddressListViewController.swift in Sources */,
				D238278D22811C930032D937 /* AddressDetailViewController.swift in Sources */,
				D238279022811C930032D937 /* Address.swift in Sources */,
				D238279122811C930032D937 /* AddressSearchHelper.swift in Sources */,
				D238278C22811C930032D937 /* AddressListItemCell.swift in Sources */,
			);
			runOnlyForDeploymentPostprocessing = 0;
		};
/* End PBXSourcesBuildPhase section */

/* Begin XCBuildConfiguration section */
		D238277E22811C830032D937 /* Debug */ = {
			isa = XCBuildConfiguration;
			buildSettings = {
				ALWAYS_SEARCH_USER_PATHS = NO;
				CLANG_ANALYZER_NONNULL = YES;
				CLANG_ANALYZER_NUMBER_OBJECT_CONVERSION = YES_AGGRESSIVE;
				CLANG_CXX_LANGUAGE_STANDARD = "gnu++14";
				CLANG_CXX_LIBRARY = "libc++";
				CLANG_ENABLE_MODULES = YES;
				CLANG_ENABLE_OBJC_ARC = YES;
				CLANG_ENABLE_OBJC_WEAK = YES;
				CLANG_WARN_BLOCK_CAPTURE_AUTORELEASING = YES;
				CLANG_WARN_BOOL_CONVERSION = YES;
				CLANG_WARN_COMMA = YES;
				CLANG_WARN_CONSTANT_CONVERSION = YES;
				CLANG_WARN_DEPRECATED_OBJC_IMPLEMENTATIONS = YES;
				CLANG_WARN_DIRECT_OBJC_ISA_USAGE = YES_ERROR;
				CLANG_WARN_DOCUMENTATION_COMMENTS = YES;
				CLANG_WARN_EMPTY_BODY = YES;
				CLANG_WARN_ENUM_CONVERSION = YES;
				CLANG_WARN_INFINITE_RECURSION = YES;
				CLANG_WARN_INT_CONVERSION = YES;
				CLANG_WARN_NON_LITERAL_NULL_CONVERSION = YES;
				CLANG_WARN_OBJC_IMPLICIT_RETAIN_SELF = YES;
				CLANG_WARN_OBJC_LITERAL_CONVERSION = YES;
				CLANG_WARN_OBJC_ROOT_CLASS = YES_ERROR;
				CLANG_WARN_RANGE_LOOP_ANALYSIS = YES;
				CLANG_WARN_STRICT_PROTOTYPES = YES;
				CLANG_WARN_SUSPICIOUS_MOVE = YES;
				CLANG_WARN_UNGUARDED_AVAILABILITY = YES_AGGRESSIVE;
				CLANG_WARN_UNREACHABLE_CODE = YES;
				CLANG_WARN__DUPLICATE_METHOD_MATCH = YES;
				CODE_SIGN_IDENTITY = "iPhone Developer";
				COPY_PHASE_STRIP = NO;
				CURRENT_PROJECT_VERSION = 1;
				DEBUG_INFORMATION_FORMAT = dwarf;
				ENABLE_STRICT_OBJC_MSGSEND = YES;
				ENABLE_TESTABILITY = YES;
				GCC_C_LANGUAGE_STANDARD = gnu11;
				GCC_DYNAMIC_NO_PIC = NO;
				GCC_NO_COMMON_BLOCKS = YES;
				GCC_OPTIMIZATION_LEVEL = 0;
				GCC_PREPROCESSOR_DEFINITIONS = (
					"DEBUG=1",
					"$(inherited)",
				);
				GCC_WARN_64_TO_32_BIT_CONVERSION = YES;
				GCC_WARN_ABOUT_RETURN_TYPE = YES_ERROR;
				GCC_WARN_UNDECLARED_SELECTOR = YES;
				GCC_WARN_UNINITIALIZED_AUTOS = YES_AGGRESSIVE;
				GCC_WARN_UNUSED_FUNCTION = YES;
				GCC_WARN_UNUSED_VARIABLE = YES;
				IPHONEOS_DEPLOYMENT_TARGET = 12.2;
				MTL_ENABLE_DEBUG_INFO = INCLUDE_SOURCE;
				MTL_FAST_MATH = YES;
				ONLY_ACTIVE_ARCH = YES;
				SDKROOT = iphoneos;
				SWIFT_ACTIVE_COMPILATION_CONDITIONS = DEBUG;
				SWIFT_OPTIMIZATION_LEVEL = "-Onone";
				VERSIONING_SYSTEM = "apple-generic";
				VERSION_INFO_PREFIX = "";
			};
			name = Debug;
		};
		D238277F22811C830032D937 /* Release */ = {
			isa = XCBuildConfiguration;
			buildSettings = {
				ALWAYS_SEARCH_USER_PATHS = NO;
				CLANG_ANALYZER_NONNULL = YES;
				CLANG_ANALYZER_NUMBER_OBJECT_CONVERSION = YES_AGGRESSIVE;
				CLANG_CXX_LANGUAGE_STANDARD = "gnu++14";
				CLANG_CXX_LIBRARY = "libc++";
				CLANG_ENABLE_MODULES = YES;
				CLANG_ENABLE_OBJC_ARC = YES;
				CLANG_ENABLE_OBJC_WEAK = YES;
				CLANG_WARN_BLOCK_CAPTURE_AUTORELEASING = YES;
				CLANG_WARN_BOOL_CONVERSION = YES;
				CLANG_WARN_COMMA = YES;
				CLANG_WARN_CONSTANT_CONVERSION = YES;
				CLANG_WARN_DEPRECATED_OBJC_IMPLEMENTATIONS = YES;
				CLANG_WARN_DIRECT_OBJC_ISA_USAGE = YES_ERROR;
				CLANG_WARN_DOCUMENTATION_COMMENTS = YES;
				CLANG_WARN_EMPTY_BODY = YES;
				CLANG_WARN_ENUM_CONVERSION = YES;
				CLANG_WARN_INFINITE_RECURSION = YES;
				CLANG_WARN_INT_CONVERSION = YES;
				CLANG_WARN_NON_LITERAL_NULL_CONVERSION = YES;
				CLANG_WARN_OBJC_IMPLICIT_RETAIN_SELF = YES;
				CLANG_WARN_OBJC_LITERAL_CONVERSION = YES;
				CLANG_WARN_OBJC_ROOT_CLASS = YES_ERROR;
				CLANG_WARN_RANGE_LOOP_ANALYSIS = YES;
				CLANG_WARN_STRICT_PROTOTYPES = YES;
				CLANG_WARN_SUSPICIOUS_MOVE = YES;
				CLANG_WARN_UNGUARDED_AVAILABILITY = YES_AGGRESSIVE;
				CLANG_WARN_UNREACHABLE_CODE = YES;
				CLANG_WARN__DUPLICATE_METHOD_MATCH = YES;
				CODE_SIGN_IDENTITY = "iPhone Developer";
				COPY_PHASE_STRIP = NO;
				CURRENT_PROJECT_VERSION = 1;
				DEBUG_INFORMATION_FORMAT = "dwarf-with-dsym";
				ENABLE_NS_ASSERTIONS = NO;
				ENABLE_STRICT_OBJC_MSGSEND = YES;
				GCC_C_LANGUAGE_STANDARD = gnu11;
				GCC_NO_COMMON_BLOCKS = YES;
				GCC_WARN_64_TO_32_BIT_CONVERSION = YES;
				GCC_WARN_ABOUT_RETURN_TYPE = YES_ERROR;
				GCC_WARN_UNDECLARED_SELECTOR = YES;
				GCC_WARN_UNINITIALIZED_AUTOS = YES_AGGRESSIVE;
				GCC_WARN_UNUSED_FUNCTION = YES;
				GCC_WARN_UNUSED_VARIABLE = YES;
				IPHONEOS_DEPLOYMENT_TARGET = 12.2;
				MTL_ENABLE_DEBUG_INFO = NO;
				MTL_FAST_MATH = YES;
				SDKROOT = iphoneos;
				SWIFT_COMPILATION_MODE = wholemodule;
				SWIFT_OPTIMIZATION_LEVEL = "-O";
				VALIDATE_PRODUCT = YES;
				VERSIONING_SYSTEM = "apple-generic";
				VERSION_INFO_PREFIX = "";
			};
			name = Release;
		};
		D238278122811C830032D937 /* Debug */ = {
			isa = XCBuildConfiguration;
			baseConfigurationReference = B8FEFE483E1242D9571A993F /* Pods-AddressSearchModule.debug.xcconfig */;
			buildSettings = {
				CLANG_ENABLE_MODULES = YES;
				CODE_SIGN_IDENTITY = "";
				CODE_SIGN_STYLE = Automatic;
				DEFINES_MODULE = YES;
				DEVELOPMENT_TEAM = 4W2UJDUY7L;
				DYLIB_COMPATIBILITY_VERSION = 1;
				DYLIB_CURRENT_VERSION = 1;
				DYLIB_INSTALL_NAME_BASE = "@rpath";
				INFOPLIST_FILE = AddressSearchModule/Info.plist;
				INSTALL_PATH = "$(LOCAL_LIBRARY_DIR)/Frameworks";
				IPHONEOS_DEPLOYMENT_TARGET = 11.0;
				LD_RUNPATH_SEARCH_PATHS = (
					"$(inherited)",
					"@executable_path/Frameworks",
					"@loader_path/Frameworks",
				);
				PRODUCT_BUNDLE_IDENTIFIER = com.tlsolution.AddressSearchModule;
				PRODUCT_NAME = "$(TARGET_NAME:c99extidentifier)";
				SKIP_INSTALL = YES;
				SWIFT_OPTIMIZATION_LEVEL = "-Onone";
				SWIFT_VERSION = 5.0;
				TARGETED_DEVICE_FAMILY = "1,2";
			};
			name = Debug;
		};
		D238278222811C830032D937 /* Release */ = {
			isa = XCBuildConfiguration;
			baseConfigurationReference = A686AB214C4DEDBCD0B0C9DB /* Pods-AddressSearchModule.release.xcconfig */;
			buildSettings = {
				CLANG_ENABLE_MODULES = YES;
				CODE_SIGN_IDENTITY = "";
				CODE_SIGN_STYLE = Automatic;
				DEFINES_MODULE = YES;
				DEVELOPMENT_TEAM = 4W2UJDUY7L;
				DYLIB_COMPATIBILITY_VERSION = 1;
				DYLIB_CURRENT_VERSION = 1;
				DYLIB_INSTALL_NAME_BASE = "@rpath";
				INFOPLIST_FILE = AddressSearchModule/Info.plist;
				INSTALL_PATH = "$(LOCAL_LIBRARY_DIR)/Frameworks";
				IPHONEOS_DEPLOYMENT_TARGET = 11.0;
				LD_RUNPATH_SEARCH_PATHS = (
					"$(inherited)",
					"@executable_path/Frameworks",
					"@loader_path/Frameworks",
				);
				PRODUCT_BUNDLE_IDENTIFIER = com.tlsolution.AddressSearchModule;
				PRODUCT_NAME = "$(TARGET_NAME:c99extidentifier)";
				SKIP_INSTALL = YES;
				SWIFT_VERSION = 5.0;
				TARGETED_DEVICE_FAMILY = "1,2";
			};
			name = Release;
		};
/* End XCBuildConfiguration section */

/* Begin XCConfigurationList section */
		D238277222811C830032D937 /* Build configuration list for PBXProject "AddressSearchModule" */ = {
			isa = XCConfigurationList;
			buildConfigurations = (
				D238277E22811C830032D937 /* Debug */,
				D238277F22811C830032D937 /* Release */,
			);
			defaultConfigurationIsVisible = 0;
			defaultConfigurationName = Release;
		};
		D238278022811C830032D937 /* Build configuration list for PBXNativeTarget "AddressSearchModule" */ = {
			isa = XCConfigurationList;
			buildConfigurations = (
				D238278122811C830032D937 /* Debug */,
				D238278222811C830032D937 /* Release */,
			);
			defaultConfigurationIsVisible = 0;
			defaultConfigurationName = Release;
		};
/* End XCConfigurationList section */
	};
	rootObject = D238276F22811C830032D937 /* Project object */;
}
